
Microsoft Visual Studio Solution File, Format Version 12.00
# Visual Studio Version 17
VisualStudioVersion = 17.4.33110.190
MinimumVisualStudioVersion = 10.0.40219.1
Project("{2150E333-8FDC-42A3-9474-1A3956D46DE8}") = "Lesson.1.1", "Lesson.1.1", "{A4CECF43-5AA5-404F-BD32-C82F2D83FD79}"
EndProject
Project("{FAE04EC0-301F-11D3-BF4B-00C04F79EFBC}") = "Calculator1", "Calculator1\Calculator1.csproj", "{D744A3D4-3124-4394-9435-0DAE28F5A695}"
EndProject
Global
	GlobalSection(SolutionConfigurationPlatforms) = preSolution
		Debug|Any CPU = Debug|Any CPU
		Release|Any CPU = Release|Any CPU
	EndGlobalSection
	GlobalSection(ProjectConfigurationPlatforms) = postSolution
		{D744A3D4-3124-4394-9435-0DAE28F5A695}.Debug|Any CPU.ActiveCfg = Debug|Any CPU
		{D744A3D4-3124-4394-9435-0DAE28F5A695}.Debug|Any CPU.Build.0 = Debug|Any CPU
		{D744A3D4-3124-4394-9435-0DAE28F5A695}.Release|Any CPU.ActiveCfg = Release|Any CPU
		{D744A3D4-3124-4394-9435-0DAE28F5A695}.Release|Any CPU.Build.0 = Release|Any CPU
	EndGlobalSection
	GlobalSection(SolutionProperties) = preSolution
		HideSolutionNode = FALSE
	EndGlobalSection
	GlobalSection(NestedProjects) = preSolution
		{D744A3D4-3124-4394-9435-0DAE28F5A695} = {A4CECF43-5AA5-404F-BD32-C82F2D83FD79}
	EndGlobalSection
	GlobalSection(ExtensibilityGlobals) = postSolution
		SolutionGuid = {4BCF86F5-E6E8-40FA-9706-E848F1E5D051}
	EndGlobalSection
EndGlobal
